
Microsoft Visual Studio Solution File, Format Version 12.00
# Visual Studio Version 16
VisualStudioVersion = 16.0.29920.165
MinimumVisualStudioVersion = 15.0.26124.0
Project("{9A19103F-16F7-4668-BE54-9A1E7A4F7556}") = "LambdaNetPipeline", "LambdaNetPipeline\LambdaNetPipeline.csproj", "{9C2FC4E1-ED6D-4BF6-B1DA-0AFCF56021E6}"
EndProject
Project("{2150E333-8FDC-42A3-9474-1A3956D46DE8}") = "Solution Items", "Solution Items", "{E6E23FDB-4679-4034-892E-47D849707472}"
	ProjectSection(SolutionItems) = preProject
		..\README.md = ..\README.md
	EndProjectSection
EndProject
Global
	GlobalSection(SolutionConfigurationPlatforms) = preSolution
		Debug|Any CPU = Debug|Any CPU
		Debug|x64 = Debug|x64
		Debug|x86 = Debug|x86
		Release|Any CPU = Release|Any CPU
		Release|x64 = Release|x64
		Release|x86 = Release|x86
	EndGlobalSection
	GlobalSection(ProjectConfigurationPlatforms) = postSolution
		{9C2FC4E1-ED6D-4BF6-B1DA-0AFCF56021E6}.Debug|Any CPU.ActiveCfg = Debug|Any CPU
		{9C2FC4E1-ED6D-4BF6-B1DA-0AFCF56021E6}.Debug|Any CPU.Build.0 = Debug|Any CPU
		{9C2FC4E1-ED6D-4BF6-B1DA-0AFCF56021E6}.Debug|x64.ActiveCfg = Debug|Any CPU
		{9C2FC4E1-ED6D-4BF6-B1DA-0AFCF56021E6}.Debug|x64.Build.0 = Debug|Any CPU
		{9C2FC4E1-ED6D-4BF6-B1DA-0AFCF56021E6}.Debug|x86.ActiveCfg = Debug|Any CPU
		{9C2FC4E1-ED6D-4BF6-B1DA-0AFCF56021E6}.Debug|x86.Build.0 = Debug|Any CPU
		{9C2FC4E1-ED6D-4BF6-B1DA-0AFCF56021E6}.Release|Any CPU.ActiveCfg = Release|Any CPU
		{9C2FC4E1-ED6D-4BF6-B1DA-0AFCF56021E6}.Release|Any CPU.Build.0 = Release|Any CPU
		{9C2FC4E1-ED6D-4BF6-B1DA-0AFCF56021E6}.Release|x64.ActiveCfg = Release|Any CPU
		{9C2FC4E1-ED6D-4BF6-B1DA-0AFCF56021E6}.Release|x64.Build.0 = Release|Any CPU
		{9C2FC4E1-ED6D-4BF6-B1DA-0AFCF56021E6}.Release|x86.ActiveCfg = Release|Any CPU
		{9C2FC4E1-ED6D-4BF6-B1DA-0AFCF56021E6}.Release|x86.Build.0 = Release|Any CPU
	EndGlobalSection
	GlobalSection(SolutionProperties) = preSolution
		HideSolutionNode = FALSE
	EndGlobalSection
	GlobalSection(ExtensibilityGlobals) = postSolution
		SolutionGuid = {289B0DAF-76F3-4EDA-971D-188E54F3E9BE}
	EndGlobalSection
EndGlobal
